
Microsoft Visual Studio Solution File, Format Version 12.00
# Visual Studio Version 17
VisualStudioVersion = 17.3.32811.315
MinimumVisualStudioVersion = 10.0.40219.1
Project("{8BC9CEB8-8B4A-11D0-8D11-00A0C91BC942}") = "List-1_송영록교수", "자료구조복습\자료구조복습.vcxproj", "{EAE17E87-6F7F-4CCC-9ADB-36E412322F2F}"
EndProject
Project("{8BC9CEB8-8B4A-11D0-8D11-00A0C91BC942}") = "List-1_a", "List-1_a\List-1_a.vcxproj", "{9BBD8EF3-98E2-47E4-9723-090E37D99B78}"
EndProject
Project("{8BC9CEB8-8B4A-11D0-8D11-00A0C91BC942}") = "쉬운자료구조p.203", "쉬운자료구조p.203\쉬운자료구조p.203.vcxproj", "{56ACD1AE-D4B6-444F-BDC5-434B97BA2DA2}"
EndProject
Project("{8BC9CEB8-8B4A-11D0-8D11-00A0C91BC942}") = "list_1_review", "list_1_review\list_1_review.vcxproj", "{AF00A8BA-72EA-4B1A-B3E8-80E1C5865265}"
EndProject
Project("{8BC9CEB8-8B4A-11D0-8D11-00A0C91BC942}") = "배열4번", "배열4번\배열4번.vcxproj", "{F0CA70DC-6F2D-4B71-B481-E6E4D75C95DD}"
EndProject
Project("{8BC9CEB8-8B4A-11D0-8D11-00A0C91BC942}") = "배열5번", "배열5번\배열5번.vcxproj", "{BEA7C8C9-F2D0-4D8A-8DD0-4CF660F2F619}"
EndProject
Project("{8BC9CEB8-8B4A-11D0-8D11-00A0C91BC942}") = "연습장", "연습장\연습장.vcxproj", "{F7013F6B-8910-4D47-B9E4-4E19A2413ED2}"
EndProject
Project("{8BC9CEB8-8B4A-11D0-8D11-00A0C91BC942}") = "List2", "List2\List2.vcxproj", "{9C10017A-7EDE-422A-B6AC-90AB6E0D0981}"
EndProject
Project("{8BC9CEB8-8B4A-11D0-8D11-00A0C91BC942}") = "List2_review", "List2_review\List2_review.vcxproj", "{8DE8C4DD-685F-40A3-929F-A06D3852F73A}"
EndProject
Project("{8BC9CEB8-8B4A-11D0-8D11-00A0C91BC942}") = "집합-1", "집합-1\집합-1.vcxproj", "{A4866ED4-397A-42B3-8E4A-A7D53C068A76}"
EndProject
Project("{8BC9CEB8-8B4A-11D0-8D11-00A0C91BC942}") = "집합-2", "집합-2\집합-2.vcxproj", "{C4B10244-9A3A-444A-A3CD-2FAD12D2BDD7}"
EndProject
Project("{8BC9CEB8-8B4A-11D0-8D11-00A0C91BC942}") = "집합-1-review", "집합-1-review\집합-1-review.vcxproj", "{E5798386-C8A0-4B90-B606-9676EBC24B7A}"
EndProject
Project("{8BC9CEB8-8B4A-11D0-8D11-00A0C91BC942}") = "집합-2-review", "집합-2-review\집합-2-review.vcxproj", "{FBDB7F95-345C-47E3-9F0A-F2945B1C19D9}"
EndProject
Project("{8BC9CEB8-8B4A-11D0-8D11-00A0C91BC942}") = "스택1", "스택1\스택1.vcxproj", "{AED754B7-718E-4BD1-92C2-C496637768BA}"
EndProject
Project("{8BC9CEB8-8B4A-11D0-8D11-00A0C91BC942}") = "스택2", "스택2\스택2.vcxproj", "{43E64E1F-B9C8-4BC8-A593-2AAFCDE60C0A}"
EndProject
Project("{8BC9CEB8-8B4A-11D0-8D11-00A0C91BC942}") = "스택1-review", "스택1-review\스택1-review.vcxproj", "{1121D813-E992-4F6A-A931-135EE0E3CE5B}"
EndProject
Project("{8BC9CEB8-8B4A-11D0-8D11-00A0C91BC942}") = "스택2-review", "스택2-review\스택2-review.vcxproj", "{6853F71A-870A-4A56-80FD-F91CB27BF068}"
EndProject
Project("{8BC9CEB8-8B4A-11D0-8D11-00A0C91BC942}") = "스택3", "스택3\스택3.vcxproj", "{FBBF6668-CDD2-477A-B5FD-3EE2BB487032}"
EndProject
Project("{8BC9CEB8-8B4A-11D0-8D11-00A0C91BC942}") = "스택3_review", "스택3_review\스택3_review.vcxproj", "{AE65A79B-92FC-4199-8954-FAFFF9F57CC5}"
EndProject
Project("{8BC9CEB8-8B4A-11D0-8D11-00A0C91BC942}") = "스택4", "스택4\스택4.vcxproj", "{50781A9A-2259-42F6-96D2-C040A63B0FDC}"
EndProject
Project("{8BC9CEB8-8B4A-11D0-8D11-00A0C91BC942}") = "큐1", "큐1\큐1.vcxproj", "{5EE52D03-73A8-4490-ACA1-18ACC4DEC817}"
EndProject
Project("{8BC9CEB8-8B4A-11D0-8D11-00A0C91BC942}") = "큐1-review", "큐1-review\큐1-review.vcxproj", "{BC6A8B5F-4283-4FF0-9882-F96065E23D2E}"
EndProject
Project("{8BC9CEB8-8B4A-11D0-8D11-00A0C91BC942}") = "큐2", "큐2\큐2.vcxproj", "{B442BEE2-6A53-4051-8BAB-2FDE812643C2}"
EndProject
Project("{8BC9CEB8-8B4A-11D0-8D11-00A0C91BC942}") = "트리1", "트리1\트리1.vcxproj", "{820CD434-B852-431E-8434-20E772F9D662}"
EndProject
Project("{8BC9CEB8-8B4A-11D0-8D11-00A0C91BC942}") = "트리1_review", "tree-1-review\tree-1-review.vcxproj", "{3F4FD979-0578-4B0B-B077-D21C63384D6F}"
EndProject
Project("{8BC9CEB8-8B4A-11D0-8D11-00A0C91BC942}") = "트리2", "트리2\트리2.vcxproj", "{F2AEBFA7-DF1B-4092-8693-8FD56DD88CE9}"
EndProject
Project("{8BC9CEB8-8B4A-11D0-8D11-00A0C91BC942}") = "트리2_review", "트리2_review\트리2_review.vcxproj", "{0AA8BFAE-8120-440E-B525-54C8B4A69699}"
EndProject
Project("{8BC9CEB8-8B4A-11D0-8D11-00A0C91BC942}") = "트리3", "트리3\트리3.vcxproj", "{187220A6-7048-4FB8-9473-A850AD75296D}"
EndProject
Project("{8BC9CEB8-8B4A-11D0-8D11-00A0C91BC942}") = "트리4(계승자[successor])", "트리4\트리4.vcxproj", "{C292CF7D-89B8-4AF6-A3E5-9590223DDA84}"
EndProject
Project("{8BC9CEB8-8B4A-11D0-8D11-00A0C91BC942}") = "트리5[오일러 투어 순회]", "트리5[오일러 투어 순회]\트리5[오일러 투어 순회].vcxproj", "{6DBA8A41-914C-4B7D-AECA-134D74BBA378}"
EndProject
Project("{8BC9CEB8-8B4A-11D0-8D11-00A0C91BC942}") = "트리6", "트리6\트리6.vcxproj", "{27B687BE-C715-4D87-9395-794B5FFE5EC3}"
EndProject
Project("{8BC9CEB8-8B4A-11D0-8D11-00A0C91BC942}") = "연습용1", "연습용1\연습용1.vcxproj", "{9DF3D0E7-808A-4DA9-A8A3-255D2589132E}"
EndProject
Global
	GlobalSection(SolutionConfigurationPlatforms) = preSolution
		Debug|x64 = Debug|x64
		Debug|x86 = Debug|x86
		Release|x64 = Release|x64
		Release|x86 = Release|x86
	EndGlobalSection
	GlobalSection(ProjectConfigurationPlatforms) = postSolution
		{EAE17E87-6F7F-4CCC-9ADB-36E412322F2F}.Debug|x64.ActiveCfg = Debug|x64
		{EAE17E87-6F7F-4CCC-9ADB-36E412322F2F}.Debug|x64.Build.0 = Debug|x64
		{EAE17E87-6F7F-4CCC-9ADB-36E412322F2F}.Debug|x86.ActiveCfg = Debug|Win32
		{EAE17E87-6F7F-4CCC-9ADB-36E412322F2F}.Debug|x86.Build.0 = Debug|Win32
		{EAE17E87-6F7F-4CCC-9ADB-36E412322F2F}.Release|x64.ActiveCfg = Release|x64
		{EAE17E87-6F7F-4CCC-9ADB-36E412322F2F}.Release|x64.Build.0 = Release|x64
		{EAE17E87-6F7F-4CCC-9ADB-36E412322F2F}.Release|x86.ActiveCfg = Release|Win32
		{EAE17E87-6F7F-4CCC-9ADB-36E412322F2F}.Release|x86.Build.0 = Release|Win32
		{9BBD8EF3-98E2-47E4-9723-090E37D99B78}.Debug|x64.ActiveCfg = Debug|x64
		{9BBD8EF3-98E2-47E4-9723-090E37D99B78}.Debug|x64.Build.0 = Debug|x64
		{9BBD8EF3-98E2-47E4-9723-090E37D99B78}.Debug|x86.ActiveCfg = Debug|Win32
		{9BBD8EF3-98E2-47E4-9723-090E37D99B78}.Debug|x86.Build.0 = Debug|Win32
		{9BBD8EF3-98E2-47E4-9723-090E37D99B78}.Release|x64.ActiveCfg = Release|x64
		{9BBD8EF3-98E2-47E4-9723-090E37D99B78}.Release|x64.Build.0 = Release|x64
		{9BBD8EF3-98E2-47E4-9723-090E37D99B78}.Release|x86.ActiveCfg = Release|Win32
		{9BBD8EF3-98E2-47E4-9723-090E37D99B78}.Release|x86.Build.0 = Release|Win32
		{56ACD1AE-D4B6-444F-BDC5-434B97BA2DA2}.Debug|x64.ActiveCfg = Debug|x64
		{56ACD1AE-D4B6-444F-BDC5-434B97BA2DA2}.Debug|x64.Build.0 = Debug|x64
		{56ACD1AE-D4B6-444F-BDC5-434B97BA2DA2}.Debug|x86.ActiveCfg = Debug|Win32
		{56ACD1AE-D4B6-444F-BDC5-434B97BA2DA2}.Debug|x86.Build.0 = Debug|Win32
		{56ACD1AE-D4B6-444F-BDC5-434B97BA2DA2}.Release|x64.ActiveCfg = Release|x64
		{56ACD1AE-D4B6-444F-BDC5-434B97BA2DA2}.Release|x64.Build.0 = Release|x64
		{56ACD1AE-D4B6-444F-BDC5-434B97BA2DA2}.Release|x86.ActiveCfg = Release|Win32
		{56ACD1AE-D4B6-444F-BDC5-434B97BA2DA2}.Release|x86.Build.0 = Release|Win32
		{AF00A8BA-72EA-4B1A-B3E8-80E1C5865265}.Debug|x64.ActiveCfg = Debug|x64
		{AF00A8BA-72EA-4B1A-B3E8-80E1C5865265}.Debug|x64.Build.0 = Debug|x64
		{AF00A8BA-72EA-4B1A-B3E8-80E1C5865265}.Debug|x86.ActiveCfg = Debug|Win32
		{AF00A8BA-72EA-4B1A-B3E8-80E1C5865265}.Debug|x86.Build.0 = Debug|Win32
		{AF00A8BA-72EA-4B1A-B3E8-80E1C5865265}.Release|x64.ActiveCfg = Release|x64
		{AF00A8BA-72EA-4B1A-B3E8-80E1C5865265}.Release|x64.Build.0 = Release|x64
		{AF00A8BA-72EA-4B1A-B3E8-80E1C5865265}.Release|x86.ActiveCfg = Release|Win32
		{AF00A8BA-72EA-4B1A-B3E8-80E1C5865265}.Release|x86.Build.0 = Release|Win32
		{F0CA70DC-6F2D-4B71-B481-E6E4D75C95DD}.Debug|x64.ActiveCfg = Debug|x64
		{F0CA70DC-6F2D-4B71-B481-E6E4D75C95DD}.Debug|x64.Build.0 = Debug|x64
		{F0CA70DC-6F2D-4B71-B481-E6E4D75C95DD}.Debug|x86.ActiveCfg = Debug|Win32
		{F0CA70DC-6F2D-4B71-B481-E6E4D75C95DD}.Debug|x86.Build.0 = Debug|Win32
		{F0CA70DC-6F2D-4B71-B481-E6E4D75C95DD}.Release|x64.ActiveCfg = Release|x64
		{F0CA70DC-6F2D-4B71-B481-E6E4D75C95DD}.Release|x64.Build.0 = Release|x64
		{F0CA70DC-6F2D-4B71-B481-E6E4D75C95DD}.Release|x86.ActiveCfg = Release|Win32
		{F0CA70DC-6F2D-4B71-B481-E6E4D75C95DD}.Release|x86.Build.0 = Release|Win32
		{BEA7C8C9-F2D0-4D8A-8DD0-4CF660F2F619}.Debug|x64.ActiveCfg = Debug|x64
		{BEA7C8C9-F2D0-4D8A-8DD0-4CF660F2F619}.Debug|x64.Build.0 = Debug|x64
		{BEA7C8C9-F2D0-4D8A-8DD0-4CF660F2F619}.Debug|x86.ActiveCfg = Debug|Win32
		{BEA7C8C9-F2D0-4D8A-8DD0-4CF660F2F619}.Debug|x86.Build.0 = Debug|Win32
		{BEA7C8C9-F2D0-4D8A-8DD0-4CF660F2F619}.Release|x64.ActiveCfg = Release|x64
		{BEA7C8C9-F2D0-4D8A-8DD0-4CF660F2F619}.Release|x64.Build.0 = Release|x64
		{BEA7C8C9-F2D0-4D8A-8DD0-4CF660F2F619}.Release|x86.ActiveCfg = Release|Win32
		{BEA7C8C9-F2D0-4D8A-8DD0-4CF660F2F619}.Release|x86.Build.0 = Release|Win32
		{F7013F6B-8910-4D47-B9E4-4E19A2413ED2}.Debug|x64.ActiveCfg = Debug|x64
		{F7013F6B-8910-4D47-B9E4-4E19A2413ED2}.Debug|x64.Build.0 = Debug|x64
		{F7013F6B-8910-4D47-B9E4-4E19A2413ED2}.Debug|x86.ActiveCfg = Debug|Win32
		{F7013F6B-8910-4D47-B9E4-4E19A2413ED2}.Debug|x86.Build.0 = Debug|Win32
		{F7013F6B-8910-4D47-B9E4-4E19A2413ED2}.Release|x64.ActiveCfg = Release|x64
		{F7013F6B-8910-4D47-B9E4-4E19A2413ED2}.Release|x64.Build.0 = Release|x64
		{F7013F6B-8910-4D47-B9E4-4E19A2413ED2}.Release|x86.ActiveCfg = Release|Win32
		{F7013F6B-8910-4D47-B9E4-4E19A2413ED2}.Release|x86.Build.0 = Release|Win32
		{9C10017A-7EDE-422A-B6AC-90AB6E0D0981}.Debug|x64.ActiveCfg = Debug|x64
		{9C10017A-7EDE-422A-B6AC-90AB6E0D0981}.Debug|x64.Build.0 = Debug|x64
		{9C10017A-7EDE-422A-B6AC-90AB6E0D0981}.Debug|x86.ActiveCfg = Debug|Win32
		{9C10017A-7EDE-422A-B6AC-90AB6E0D0981}.Debug|x86.Build.0 = Debug|Win32
		{9C10017A-7EDE-422A-B6AC-90AB6E0D0981}.Release|x64.ActiveCfg = Release|x64
		{9C10017A-7EDE-422A-B6AC-90AB6E0D0981}.Release|x64.Build.0 = Release|x64
		{9C10017A-7EDE-422A-B6AC-90AB6E0D0981}.Release|x86.ActiveCfg = Release|Win32
		{9C10017A-7EDE-422A-B6AC-90AB6E0D0981}.Release|x86.Build.0 = Release|Win32
		{8DE8C4DD-685F-40A3-929F-A06D3852F73A}.Debug|x64.ActiveCfg = Debug|x64
		{8DE8C4DD-685F-40A3-929F-A06D3852F73A}.Debug|x64.Build.0 = Debug|x64
		{8DE8C4DD-685F-40A3-929F-A06D3852F73A}.Debug|x86.ActiveCfg = Debug|Win32
		{8DE8C4DD-685F-40A3-929F-A06D3852F73A}.Debug|x86.Build.0 = Debug|Win32
		{8DE8C4DD-685F-40A3-929F-A06D3852F73A}.Release|x64.ActiveCfg = Release|x64
		{8DE8C4DD-685F-40A3-929F-A06D3852F73A}.Release|x64.Build.0 = Release|x64
		{8DE8C4DD-685F-40A3-929F-A06D3852F73A}.Release|x86.ActiveCfg = Release|Win32
		{8DE8C4DD-685F-40A3-929F-A06D3852F73A}.Release|x86.Build.0 = Release|Win32
		{A4866ED4-397A-42B3-8E4A-A7D53C068A76}.Debug|x64.ActiveCfg = Debug|x64
		{A4866ED4-397A-42B3-8E4A-A7D53C068A76}.Debug|x64.Build.0 = Debug|x64
		{A4866ED4-397A-42B3-8E4A-A7D53C068A76}.Debug|x86.ActiveCfg = Debug|Win32
		{A4866ED4-397A-42B3-8E4A-A7D53C068A76}.Debug|x86.Build.0 = Debug|Win32
		{A4866ED4-397A-42B3-8E4A-A7D53C068A76}.Release|x64.ActiveCfg = Release|x64
		{A4866ED4-397A-42B3-8E4A-A7D53C068A76}.Release|x64.Build.0 = Release|x64
		{A4866ED4-397A-42B3-8E4A-A7D53C068A76}.Release|x86.ActiveCfg = Release|Win32
		{A4866ED4-397A-42B3-8E4A-A7D53C068A76}.Release|x86.Build.0 = Release|Win32
		{C4B10244-9A3A-444A-A3CD-2FAD12D2BDD7}.Debug|x64.ActiveCfg = Debug|x64
		{C4B10244-9A3A-444A-A3CD-2FAD12D2BDD7}.Debug|x64.Build.0 = Debug|x64
		{C4B10244-9A3A-444A-A3CD-2FAD12D2BDD7}.Debug|x86.ActiveCfg = Debug|Win32
		{C4B10244-9A3A-444A-A3CD-2FAD12D2BDD7}.Debug|x86.Build.0 = Debug|Win32
		{C4B10244-9A3A-444A-A3CD-2FAD12D2BDD7}.Release|x64.ActiveCfg = Release|x64
		{C4B10244-9A3A-444A-A3CD-2FAD12D2BDD7}.Release|x64.Build.0 = Release|x64
		{C4B10244-9A3A-444A-A3CD-2FAD12D2BDD7}.Release|x86.ActiveCfg = Release|Win32
		{C4B10244-9A3A-444A-A3CD-2FAD12D2BDD7}.Release|x86.Build.0 = Release|Win32
		{E5798386-C8A0-4B90-B606-9676EBC24B7A}.Debug|x64.ActiveCfg = Debug|x64
		{E5798386-C8A0-4B90-B606-9676EBC24B7A}.Debug|x64.Build.0 = Debug|x64
		{E5798386-C8A0-4B90-B606-9676EBC24B7A}.Debug|x86.ActiveCfg = Debug|Win32
		{E5798386-C8A0-4B90-B606-9676EBC24B7A}.Debug|x86.Build.0 = Debug|Win32
		{E5798386-C8A0-4B90-B606-9676EBC24B7A}.Release|x64.ActiveCfg = Release|x64
		{E5798386-C8A0-4B90-B606-9676EBC24B7A}.Release|x64.Build.0 = Release|x64
		{E5798386-C8A0-4B90-B606-9676EBC24B7A}.Release|x86.ActiveCfg = Release|Win32
		{E5798386-C8A0-4B90-B606-9676EBC24B7A}.Release|x86.Build.0 = Release|Win32
		{FBDB7F95-345C-47E3-9F0A-F2945B1C19D9}.Debug|x64.ActiveCfg = Debug|x64
		{FBDB7F95-345C-47E3-9F0A-F2945B1C19D9}.Debug|x64.Build.0 = Debug|x64
		{FBDB7F95-345C-47E3-9F0A-F2945B1C19D9}.Debug|x86.ActiveCfg = Debug|Win32
		{FBDB7F95-345C-47E3-9F0A-F2945B1C19D9}.Debug|x86.Build.0 = Debug|Win32
		{FBDB7F95-345C-47E3-9F0A-F2945B1C19D9}.Release|x64.ActiveCfg = Release|x64
		{FBDB7F95-345C-47E3-9F0A-F2945B1C19D9}.Release|x64.Build.0 = Release|x64
		{FBDB7F95-345C-47E3-9F0A-F2945B1C19D9}.Release|x86.ActiveCfg = Release|Win32
		{FBDB7F95-345C-47E3-9F0A-F2945B1C19D9}.Release|x86.Build.0 = Release|Win32
		{AED754B7-718E-4BD1-92C2-C496637768BA}.Debug|x64.ActiveCfg = Debug|x64
		{AED754B7-718E-4BD1-92C2-C496637768BA}.Debug|x64.Build.0 = Debug|x64
		{AED754B7-718E-4BD1-92C2-C496637768BA}.Debug|x86.ActiveCfg = Debug|Win32
		{AED754B7-718E-4BD1-92C2-C496637768BA}.Debug|x86.Build.0 = Debug|Win32
		{AED754B7-718E-4BD1-92C2-C496637768BA}.Release|x64.ActiveCfg = Release|x64
		{AED754B7-718E-4BD1-92C2-C496637768BA}.Release|x64.Build.0 = Release|x64
		{AED754B7-718E-4BD1-92C2-C496637768BA}.Release|x86.ActiveCfg = Release|Win32
		{AED754B7-718E-4BD1-92C2-C496637768BA}.Release|x86.Build.0 = Release|Win32
		{43E64E1F-B9C8-4BC8-A593-2AAFCDE60C0A}.Debug|x64.ActiveCfg = Debug|x64
		{43E64E1F-B9C8-4BC8-A593-2AAFCDE60C0A}.Debug|x64.Build.0 = Debug|x64
		{43E64E1F-B9C8-4BC8-A593-2AAFCDE60C0A}.Debug|x86.ActiveCfg = Debug|Win32
		{43E64E1F-B9C8-4BC8-A593-2AAFCDE60C0A}.Debug|x86.Build.0 = Debug|Win32
		{43E64E1F-B9C8-4BC8-A593-2AAFCDE60C0A}.Release|x64.ActiveCfg = Release|x64
		{43E64E1F-B9C8-4BC8-A593-2AAFCDE60C0A}.Release|x64.Build.0 = Release|x64
		{43E64E1F-B9C8-4BC8-A593-2AAFCDE60C0A}.Release|x86.ActiveCfg = Release|Win32
		{43E64E1F-B9C8-4BC8-A593-2AAFCDE60C0A}.Release|x86.Build.0 = Release|Win32
		{1121D813-E992-4F6A-A931-135EE0E3CE5B}.Debug|x64.ActiveCfg = Debug|x64
		{1121D813-E992-4F6A-A931-135EE0E3CE5B}.Debug|x64.Build.0 = Debug|x64
		{1121D813-E992-4F6A-A931-135EE0E3CE5B}.Debug|x86.ActiveCfg = Debug|Win32
		{1121D813-E992-4F6A-A931-135EE0E3CE5B}.Debug|x86.Build.0 = Debug|Win32
		{1121D813-E992-4F6A-A931-135EE0E3CE5B}.Release|x64.ActiveCfg = Release|x64
		{1121D813-E992-4F6A-A931-135EE0E3CE5B}.Release|x64.Build.0 = Release|x64
		{1121D813-E992-4F6A-A931-135EE0E3CE5B}.Release|x86.ActiveCfg = Release|Win32
		{1121D813-E992-4F6A-A931-135EE0E3CE5B}.Release|x86.Build.0 = Release|Win32
		{6853F71A-870A-4A56-80FD-F91CB27BF068}.Debug|x64.ActiveCfg = Debug|x64
		{6853F71A-870A-4A56-80FD-F91CB27BF068}.Debug|x64.Build.0 = Debug|x64
		{6853F71A-870A-4A56-80FD-F91CB27BF068}.Debug|x86.ActiveCfg = Debug|Win32
		{6853F71A-870A-4A56-80FD-F91CB27BF068}.Debug|x86.Build.0 = Debug|Win32
		{6853F71A-870A-4A56-80FD-F91CB27BF068}.Release|x64.ActiveCfg = Release|x64
		{6853F71A-870A-4A56-80FD-F91CB27BF068}.Release|x64.Build.0 = Release|x64
		{6853F71A-870A-4A56-80FD-F91CB27BF068}.Release|x86.ActiveCfg = Release|Win32
		{6853F71A-870A-4A56-80FD-F91CB27BF068}.Release|x86.Build.0 = Release|Win32
		{FBBF6668-CDD2-477A-B5FD-3EE2BB487032}.Debug|x64.ActiveCfg = Debug|x64
		{FBBF6668-CDD2-477A-B5FD-3EE2BB487032}.Debug|x64.Build.0 = Debug|x64
		{FBBF6668-CDD2-477A-B5FD-3EE2BB487032}.Debug|x86.ActiveCfg = Debug|Win32
		{FBBF6668-CDD2-477A-B5FD-3EE2BB487032}.Debug|x86.Build.0 = Debug|Win32
		{FBBF6668-CDD2-477A-B5FD-3EE2BB487032}.Release|x64.ActiveCfg = Release|x64
		{FBBF6668-CDD2-477A-B5FD-3EE2BB487032}.Release|x64.Build.0 = Release|x64
		{FBBF6668-CDD2-477A-B5FD-3EE2BB487032}.Release|x86.ActiveCfg = Release|Win32
		{FBBF6668-CDD2-477A-B5FD-3EE2BB487032}.Release|x86.Build.0 = Release|Win32
		{AE65A79B-92FC-4199-8954-FAFFF9F57CC5}.Debug|x64.ActiveCfg = Debug|x64
		{AE65A79B-92FC-4199-8954-FAFFF9F57CC5}.Debug|x64.Build.0 = Debug|x64
		{AE65A79B-92FC-4199-8954-FAFFF9F57CC5}.Debug|x86.ActiveCfg = Debug|Win32
		{AE65A79B-92FC-4199-8954-FAFFF9F57CC5}.Debug|x86.Build.0 = Debug|Win32
		{AE65A79B-92FC-4199-8954-FAFFF9F57CC5}.Release|x64.ActiveCfg = Release|x64
		{AE65A79B-92FC-4199-8954-FAFFF9F57CC5}.Release|x64.Build.0 = Release|x64
		{AE65A79B-92FC-4199-8954-FAFFF9F57CC5}.Release|x86.ActiveCfg = Release|Win32
		{AE65A79B-92FC-4199-8954-FAFFF9F57CC5}.Release|x86.Build.0 = Release|Win32
		{50781A9A-2259-42F6-96D2-C040A63B0FDC}.Debug|x64.ActiveCfg = Debug|x64
		{50781A9A-2259-42F6-96D2-C040A63B0FDC}.Debug|x64.Build.0 = Debug|x64
		{50781A9A-2259-42F6-96D2-C040A63B0FDC}.Debug|x86.ActiveCfg = Debug|Win32
		{50781A9A-2259-42F6-96D2-C040A63B0FDC}.Debug|x86.Build.0 = Debug|Win32
		{50781A9A-2259-42F6-96D2-C040A63B0FDC}.Release|x64.ActiveCfg = Release|x64
		{50781A9A-2259-42F6-96D2-C040A63B0FDC}.Release|x64.Build.0 = Release|x64
		{50781A9A-2259-42F6-96D2-C040A63B0FDC}.Release|x86.ActiveCfg = Release|Win32
		{50781A9A-2259-42F6-96D2-C040A63B0FDC}.Release|x86.Build.0 = Release|Win32
		{5EE52D03-73A8-4490-ACA1-18ACC4DEC817}.Debug|x64.ActiveCfg = Debug|x64
		{5EE52D03-73A8-4490-ACA1-18ACC4DEC817}.Debug|x64.Build.0 = Debug|x64
		{5EE52D03-73A8-4490-ACA1-18ACC4DEC817}.Debug|x86.ActiveCfg = Debug|Win32
		{5EE52D03-73A8-4490-ACA1-18ACC4DEC817}.Debug|x86.Build.0 = Debug|Win32
		{5EE52D03-73A8-4490-ACA1-18ACC4DEC817}.Release|x64.ActiveCfg = Release|x64
		{5EE52D03-73A8-4490-ACA1-18ACC4DEC817}.Release|x64.Build.0 = Release|x64
		{5EE52D03-73A8-4490-ACA1-18ACC4DEC817}.Release|x86.ActiveCfg = Release|Win32
		{5EE52D03-73A8-4490-ACA1-18ACC4DEC817}.Release|x86.Build.0 = Release|Win32
		{BC6A8B5F-4283-4FF0-9882-F96065E23D2E}.Debug|x64.ActiveCfg = Debug|x64
		{BC6A8B5F-4283-4FF0-9882-F96065E23D2E}.Debug|x64.Build.0 = Debug|x64
		{BC6A8B5F-4283-4FF0-9882-F96065E23D2E}.Debug|x86.ActiveCfg = Debug|Win32
		{BC6A8B5F-4283-4FF0-9882-F96065E23D2E}.Debug|x86.Build.0 = Debug|Win32
		{BC6A8B5F-4283-4FF0-9882-F96065E23D2E}.Release|x64.ActiveCfg = Release|x64
		{BC6A8B5F-4283-4FF0-9882-F96065E23D2E}.Release|x64.Build.0 = Release|x64
		{BC6A8B5F-4283-4FF0-9882-F96065E23D2E}.Release|x86.ActiveCfg = Release|Win32
		{BC6A8B5F-4283-4FF0-9882-F96065E23D2E}.Release|x86.Build.0 = Release|Win32
		{B442BEE2-6A53-4051-8BAB-2FDE812643C2}.Debug|x64.ActiveCfg = Debug|x64
		{B442BEE2-6A53-4051-8BAB-2FDE812643C2}.Debug|x64.Build.0 = Debug|x64
		{B442BEE2-6A53-4051-8BAB-2FDE812643C2}.Debug|x86.ActiveCfg = Debug|Win32
		{B442BEE2-6A53-4051-8BAB-2FDE812643C2}.Debug|x86.Build.0 = Debug|Win32
		{B442BEE2-6A53-4051-8BAB-2FDE812643C2}.Release|x64.ActiveCfg = Release|x64
		{B442BEE2-6A53-4051-8BAB-2FDE812643C2}.Release|x64.Build.0 = Release|x64
		{B442BEE2-6A53-4051-8BAB-2FDE812643C2}.Release|x86.ActiveCfg = Release|Win32
		{B442BEE2-6A53-4051-8BAB-2FDE812643C2}.Release|x86.Build.0 = Release|Win32
		{820CD434-B852-431E-8434-20E772F9D662}.Debug|x64.ActiveCfg = Debug|x64
		{820CD434-B852-431E-8434-20E772F9D662}.Debug|x64.Build.0 = Debug|x64
		{820CD434-B852-431E-8434-20E772F9D662}.Debug|x86.ActiveCfg = Debug|Win32
		{820CD434-B852-431E-8434-20E772F9D662}.Debug|x86.Build.0 = Debug|Win32
		{820CD434-B852-431E-8434-20E772F9D662}.Release|x64.ActiveCfg = Release|x64
		{820CD434-B852-431E-8434-20E772F9D662}.Release|x64.Build.0 = Release|x64
		{820CD434-B852-431E-8434-20E772F9D662}.Release|x86.ActiveCfg = Release|Win32
		{820CD434-B852-431E-8434-20E772F9D662}.Release|x86.Build.0 = Release|Win32
		{3F4FD979-0578-4B0B-B077-D21C63384D6F}.Debug|x64.ActiveCfg = Debug|x64
		{3F4FD979-0578-4B0B-B077-D21C63384D6F}.Debug|x64.Build.0 = Debug|x64
		{3F4FD979-0578-4B0B-B077-D21C63384D6F}.Debug|x86.ActiveCfg = Debug|Win32
		{3F4FD979-0578-4B0B-B077-D21C63384D6F}.Debug|x86.Build.0 = Debug|Win32
		{3F4FD979-0578-4B0B-B077-D21C63384D6F}.Release|x64.ActiveCfg = Release|x64
		{3F4FD979-0578-4B0B-B077-D21C63384D6F}.Release|x64.Build.0 = Release|x64
		{3F4FD979-0578-4B0B-B077-D21C63384D6F}.Release|x86.ActiveCfg = Release|Win32
		{3F4FD979-0578-4B0B-B077-D21C63384D6F}.Release|x86.Build.0 = Release|Win32
		{F2AEBFA7-DF1B-4092-8693-8FD56DD88CE9}.Debug|x64.ActiveCfg = Debug|x64
		{F2AEBFA7-DF1B-4092-8693-8FD56DD88CE9}.Debug|x64.Build.0 = Debug|x64
		{F2AEBFA7-DF1B-4092-8693-8FD56DD88CE9}.Debug|x86.ActiveCfg = Debug|Win32
		{F2AEBFA7-DF1B-4092-8693-8FD56DD88CE9}.Debug|x86.Build.0 = Debug|Win32
		{F2AEBFA7-DF1B-4092-8693-8FD56DD88CE9}.Release|x64.ActiveCfg = Release|x64
		{F2AEBFA7-DF1B-4092-8693-8FD56DD88CE9}.Release|x64.Build.0 = Release|x64
		{F2AEBFA7-DF1B-4092-8693-8FD56DD88CE9}.Release|x86.ActiveCfg = Release|Win32
		{F2AEBFA7-DF1B-4092-8693-8FD56DD88CE9}.Release|x86.Build.0 = Release|Win32
		{0AA8BFAE-8120-440E-B525-54C8B4A69699}.Debug|x64.ActiveCfg = Debug|x64
		{0AA8BFAE-8120-440E-B525-54C8B4A69699}.Debug|x64.Build.0 = Debug|x64
		{0AA8BFAE-8120-440E-B525-54C8B4A69699}.Debug|x86.ActiveCfg = Debug|Win32
		{0AA8BFAE-8120-440E-B525-54C8B4A69699}.Debug|x86.Build.0 = Debug|Win32
		{0AA8BFAE-8120-440E-B525-54C8B4A69699}.Release|x64.ActiveCfg = Release|x64
		{0AA8BFAE-8120-440E-B525-54C8B4A69699}.Release|x64.Build.0 = Release|x64
		{0AA8BFAE-8120-440E-B525-54C8B4A69699}.Release|x86.ActiveCfg = Release|Win32
		{0AA8BFAE-8120-440E-B525-54C8B4A69699}.Release|x86.Build.0 = Release|Win32
		{187220A6-7048-4FB8-9473-A850AD75296D}.Debug|x64.ActiveCfg = Debug|x64
		{187220A6-7048-4FB8-9473-A850AD75296D}.Debug|x64.Build.0 = Debug|x64
		{187220A6-7048-4FB8-9473-A850AD75296D}.Debug|x86.ActiveCfg = Debug|Win32
		{187220A6-7048-4FB8-9473-A850AD75296D}.Debug|x86.Build.0 = Debug|Win32
		{187220A6-7048-4FB8-9473-A850AD75296D}.Release|x64.ActiveCfg = Release|x64
		{187220A6-7048-4FB8-9473-A850AD75296D}.Release|x64.Build.0 = Release|x64
		{187220A6-7048-4FB8-9473-A850AD75296D}.Release|x86.ActiveCfg = Release|Win32
		{187220A6-7048-4FB8-9473-A850AD75296D}.Release|x86.Build.0 = Release|Win32
		{C292CF7D-89B8-4AF6-A3E5-9590223DDA84}.Debug|x64.ActiveCfg = Debug|x64
		{C292CF7D-89B8-4AF6-A3E5-9590223DDA84}.Debug|x64.Build.0 = Debug|x64
		{C292CF7D-89B8-4AF6-A3E5-9590223DDA84}.Debug|x86.ActiveCfg = Debug|Win32
		{C292CF7D-89B8-4AF6-A3E5-9590223DDA84}.Debug|x86.Build.0 = Debug|Win32
		{C292CF7D-89B8-4AF6-A3E5-9590223DDA84}.Release|x64.ActiveCfg = Release|x64
		{C292CF7D-89B8-4AF6-A3E5-9590223DDA84}.Release|x64.Build.0 = Release|x64
		{C292CF7D-89B8-4AF6-A3E5-9590223DDA84}.Release|x86.ActiveCfg = Release|Win32
		{C292CF7D-89B8-4AF6-A3E5-9590223DDA84}.Release|x86.Build.0 = Release|Win32
		{6DBA8A41-914C-4B7D-AECA-134D74BBA378}.Debug|x64.ActiveCfg = Debug|x64
		{6DBA8A41-914C-4B7D-AECA-134D74BBA378}.Debug|x64.Build.0 = Debug|x64
		{6DBA8A41-914C-4B7D-AECA-134D74BBA378}.Debug|x86.ActiveCfg = Debug|Win32
		{6DBA8A41-914C-4B7D-AECA-134D74BBA378}.Debug|x86.Build.0 = Debug|Win32
		{6DBA8A41-914C-4B7D-AECA-134D74BBA378}.Release|x64.ActiveCfg = Release|x64
		{6DBA8A41-914C-4B7D-AECA-134D74BBA378}.Release|x64.Build.0 = Release|x64
		{6DBA8A41-914C-4B7D-AECA-134D74BBA378}.Release|x86.ActiveCfg = Release|Win32
		{6DBA8A41-914C-4B7D-AECA-134D74BBA378}.Release|x86.Build.0 = Release|Win32
		{27B687BE-C715-4D87-9395-794B5FFE5EC3}.Debug|x64.ActiveCfg = Debug|x64
		{27B687BE-C715-4D87-9395-794B5FFE5EC3}.Debug|x64.Build.0 = Debug|x64
		{27B687BE-C715-4D87-9395-794B5FFE5EC3}.Debug|x86.ActiveCfg = Debug|Win32
		{27B687BE-C715-4D87-9395-794B5FFE5EC3}.Debug|x86.Build.0 = Debug|Win32
		{27B687BE-C715-4D87-9395-794B5FFE5EC3}.Release|x64.ActiveCfg = Release|x64
		{27B687BE-C715-4D87-9395-794B5FFE5EC3}.Release|x64.Build.0 = Release|x64
		{27B687BE-C715-4D87-9395-794B5FFE5EC3}.Release|x86.ActiveCfg = Release|Win32
		{27B687BE-C715-4D87-9395-794B5FFE5EC3}.Release|x86.Build.0 = Release|Win32
		{9DF3D0E7-808A-4DA9-A8A3-255D2589132E}.Debug|x64.ActiveCfg = Debug|x64
		{9DF3D0E7-808A-4DA9-A8A3-255D2589132E}.Debug|x64.Build.0 = Debug|x64
		{9DF3D0E7-808A-4DA9-A8A3-255D2589132E}.Debug|x86.ActiveCfg = Debug|Win32
		{9DF3D0E7-808A-4DA9-A8A3-255D2589132E}.Debug|x86.Build.0 = Debug|Win32
		{9DF3D0E7-808A-4DA9-A8A3-255D2589132E}.Release|x64.ActiveCfg = Release|x64
		{9DF3D0E7-808A-4DA9-A8A3-255D2589132E}.Release|x64.Build.0 = Release|x64
		{9DF3D0E7-808A-4DA9-A8A3-255D2589132E}.Release|x86.ActiveCfg = Release|Win32
		{9DF3D0E7-808A-4DA9-A8A3-255D2589132E}.Release|x86.Build.0 = Release|Win32
	EndGlobalSection
	GlobalSection(SolutionProperties) = preSolution
		HideSolutionNode = FALSE
	EndGlobalSection
	GlobalSection(ExtensibilityGlobals) = postSolution
		SolutionGuid = {CDBA4D67-B799-4E78-9E48-CC85062F5E8F}
	EndGlobalSection
EndGlobal
